
Microsoft Visual Studio Solution File, Format Version 12.00
# Visual Studio Version 17
VisualStudioVersion = 17.3.32901.215
MinimumVisualStudioVersion = 10.0.40219.1
Project("{9A19103F-16F7-4668-BE54-9A1E7A4F7556}") = "pz_3", "pz_3\pz_3.csproj", "{D4994419-1295-4389-9CB4-12A0957530DC}"
EndProject
Project("{9A19103F-16F7-4668-BE54-9A1E7A4F7556}") = "pz_4", "pz_4\pz_4.csproj", "{3F9F01D8-C92C-44A2-BFF3-C9CC4C4F4F42}"
EndProject
Project("{9A19103F-16F7-4668-BE54-9A1E7A4F7556}") = "pz_5", "pz_5\pz_5.csproj", "{7F16292B-F565-449C-BEDA-E2E24A8E65CC}"
EndProject
Project("{9A19103F-16F7-4668-BE54-9A1E7A4F7556}") = "pz_6", "pz_6\pz_6.csproj", "{01F194C6-2833-434E-83FD-C3892AA4FD94}"
EndProject
Project("{9A19103F-16F7-4668-BE54-9A1E7A4F7556}") = "pz_8", "pz_8\pz_8.csproj", "{04F92132-D259-4F74-8D3B-ACC941B9A31F}"
EndProject
Project("{9A19103F-16F7-4668-BE54-9A1E7A4F7556}") = "pz_9", "pz_9\pz_9.csproj", "{12CC1243-4ECD-4C96-B6C2-20A85BD0991C}"
EndProject
Project("{9A19103F-16F7-4668-BE54-9A1E7A4F7556}") = "pz_13", "pz_13\pz_13.csproj", "{E9EFCD15-9219-4B49-ADE6-74EED0C6683A}"
EndProject
Project("{9A19103F-16F7-4668-BE54-9A1E7A4F7556}") = "pz_18", "pz_18\pz_18.csproj", "{F5C40399-4F21-427A-AAED-29525318AB54}"
EndProject
Project("{9A19103F-16F7-4668-BE54-9A1E7A4F7556}") = "pz_14", "pz_14\pz_14.csproj", "{685B7854-996B-4D2F-869A-14C09EF0CA27}"
EndProject
Project("{9A19103F-16F7-4668-BE54-9A1E7A4F7556}") = "pz_15", "pz_15\pz_15.csproj", "{31FE6085-8E33-4716-B6DD-503D5B771DF1}"
EndProject
Project("{9A19103F-16F7-4668-BE54-9A1E7A4F7556}") = "pz_11", "pz_11\pz_11.csproj", "{C04752C0-2ED7-47AC-9ED0-AFDC1ED27919}"
EndProject
Project("{9A19103F-16F7-4668-BE54-9A1E7A4F7556}") = "pz_10", "pz_10\pz_10.csproj", "{CD912661-DD1D-4C31-B84E-6DB8FDA0F02C}"
EndProject
Project("{9A19103F-16F7-4668-BE54-9A1E7A4F7556}") = "pz_16", "pz_16\pz_16.csproj", "{23B11102-B0E8-42D5-92B0-C15709CE416B}"
EndProject
Project("{9A19103F-16F7-4668-BE54-9A1E7A4F7556}") = "pz_21", "pz_21\pz_21.csproj", "{5255EEFC-7333-44C9-B735-EFDEA74C7F99}"
EndProject
Project("{9A19103F-16F7-4668-BE54-9A1E7A4F7556}") = "pz_22", "pz_22\pz_22.csproj", "{154FB045-89C9-4F9B-BA64-DEE3A9E16B25}"
EndProject
Project("{9A19103F-16F7-4668-BE54-9A1E7A4F7556}") = "pz_23", "pz_23\pz_23.csproj", "{FA921AFE-3C00-437E-9393-BFD62E7DBEA9}"
EndProject
Project("{9A19103F-16F7-4668-BE54-9A1E7A4F7556}") = "pz_19", "pz_19\pz_19.csproj", "{2983D119-F526-410A-A695-AC12228F367F}"
EndProject
Project("{9A19103F-16F7-4668-BE54-9A1E7A4F7556}") = "pz_24", "pz_24\pz_24.csproj", "{EB10ED33-EA27-449C-80A0-0DDF62F2E6DB}"
EndProject
Project("{FAE04EC0-301F-11D3-BF4B-00C04F79EFBC}") = "pz_25", "pz_25\pz_25.csproj", "{E8611705-7F70-41B2-B6FC-0B10BDF1A9DC}"
EndProject
Global
	GlobalSection(SolutionConfigurationPlatforms) = preSolution
		Debug|Any CPU = Debug|Any CPU
		Release|Any CPU = Release|Any CPU
	EndGlobalSection
	GlobalSection(ProjectConfigurationPlatforms) = postSolution
		{D4994419-1295-4389-9CB4-12A0957530DC}.Debug|Any CPU.ActiveCfg = Debug|Any CPU
		{D4994419-1295-4389-9CB4-12A0957530DC}.Debug|Any CPU.Build.0 = Debug|Any CPU
		{D4994419-1295-4389-9CB4-12A0957530DC}.Release|Any CPU.ActiveCfg = Release|Any CPU
		{D4994419-1295-4389-9CB4-12A0957530DC}.Release|Any CPU.Build.0 = Release|Any CPU
		{3F9F01D8-C92C-44A2-BFF3-C9CC4C4F4F42}.Debug|Any CPU.ActiveCfg = Debug|Any CPU
		{3F9F01D8-C92C-44A2-BFF3-C9CC4C4F4F42}.Debug|Any CPU.Build.0 = Debug|Any CPU
		{3F9F01D8-C92C-44A2-BFF3-C9CC4C4F4F42}.Release|Any CPU.ActiveCfg = Release|Any CPU
		{3F9F01D8-C92C-44A2-BFF3-C9CC4C4F4F42}.Release|Any CPU.Build.0 = Release|Any CPU
		{7F16292B-F565-449C-BEDA-E2E24A8E65CC}.Debug|Any CPU.ActiveCfg = Debug|Any CPU
		{7F16292B-F565-449C-BEDA-E2E24A8E65CC}.Debug|Any CPU.Build.0 = Debug|Any CPU
		{7F16292B-F565-449C-BEDA-E2E24A8E65CC}.Release|Any CPU.ActiveCfg = Release|Any CPU
		{7F16292B-F565-449C-BEDA-E2E24A8E65CC}.Release|Any CPU.Build.0 = Release|Any CPU
		{01F194C6-2833-434E-83FD-C3892AA4FD94}.Debug|Any CPU.ActiveCfg = Debug|Any CPU
		{01F194C6-2833-434E-83FD-C3892AA4FD94}.Debug|Any CPU.Build.0 = Debug|Any CPU
		{01F194C6-2833-434E-83FD-C3892AA4FD94}.Release|Any CPU.ActiveCfg = Release|Any CPU
		{01F194C6-2833-434E-83FD-C3892AA4FD94}.Release|Any CPU.Build.0 = Release|Any CPU
		{04F92132-D259-4F74-8D3B-ACC941B9A31F}.Debug|Any CPU.ActiveCfg = Debug|Any CPU
		{04F92132-D259-4F74-8D3B-ACC941B9A31F}.Debug|Any CPU.Build.0 = Debug|Any CPU
		{04F92132-D259-4F74-8D3B-ACC941B9A31F}.Release|Any CPU.ActiveCfg = Release|Any CPU
		{04F92132-D259-4F74-8D3B-ACC941B9A31F}.Release|Any CPU.Build.0 = Release|Any CPU
		{12CC1243-4ECD-4C96-B6C2-20A85BD0991C}.Debug|Any CPU.ActiveCfg = Debug|Any CPU
		{12CC1243-4ECD-4C96-B6C2-20A85BD0991C}.Debug|Any CPU.Build.0 = Debug|Any CPU
		{12CC1243-4ECD-4C96-B6C2-20A85BD0991C}.Release|Any CPU.ActiveCfg = Release|Any CPU
		{12CC1243-4ECD-4C96-B6C2-20A85BD0991C}.Release|Any CPU.Build.0 = Release|Any CPU
		{E9EFCD15-9219-4B49-ADE6-74EED0C6683A}.Debug|Any CPU.ActiveCfg = Debug|Any CPU
		{E9EFCD15-9219-4B49-ADE6-74EED0C6683A}.Debug|Any CPU.Build.0 = Debug|Any CPU
		{E9EFCD15-9219-4B49-ADE6-74EED0C6683A}.Release|Any CPU.ActiveCfg = Release|Any CPU
		{E9EFCD15-9219-4B49-ADE6-74EED0C6683A}.Release|Any CPU.Build.0 = Release|Any CPU
		{F5C40399-4F21-427A-AAED-29525318AB54}.Debug|Any CPU.ActiveCfg = Debug|Any CPU
		{F5C40399-4F21-427A-AAED-29525318AB54}.Debug|Any CPU.Build.0 = Debug|Any CPU
		{F5C40399-4F21-427A-AAED-29525318AB54}.Release|Any CPU.ActiveCfg = Release|Any CPU
		{F5C40399-4F21-427A-AAED-29525318AB54}.Release|Any CPU.Build.0 = Release|Any CPU
		{685B7854-996B-4D2F-869A-14C09EF0CA27}.Debug|Any CPU.ActiveCfg = Debug|Any CPU
		{685B7854-996B-4D2F-869A-14C09EF0CA27}.Debug|Any CPU.Build.0 = Debug|Any CPU
		{685B7854-996B-4D2F-869A-14C09EF0CA27}.Release|Any CPU.ActiveCfg = Release|Any CPU
		{685B7854-996B-4D2F-869A-14C09EF0CA27}.Release|Any CPU.Build.0 = Release|Any CPU
		{31FE6085-8E33-4716-B6DD-503D5B771DF1}.Debug|Any CPU.ActiveCfg = Debug|Any CPU
		{31FE6085-8E33-4716-B6DD-503D5B771DF1}.Debug|Any CPU.Build.0 = Debug|Any CPU
		{31FE6085-8E33-4716-B6DD-503D5B771DF1}.Release|Any CPU.ActiveCfg = Release|Any CPU
		{31FE6085-8E33-4716-B6DD-503D5B771DF1}.Release|Any CPU.Build.0 = Release|Any CPU
		{C04752C0-2ED7-47AC-9ED0-AFDC1ED27919}.Debug|Any CPU.ActiveCfg = Debug|Any CPU
		{C04752C0-2ED7-47AC-9ED0-AFDC1ED27919}.Debug|Any CPU.Build.0 = Debug|Any CPU
		{C04752C0-2ED7-47AC-9ED0-AFDC1ED27919}.Release|Any CPU.ActiveCfg = Release|Any CPU
		{C04752C0-2ED7-47AC-9ED0-AFDC1ED27919}.Release|Any CPU.Build.0 = Release|Any CPU
		{CD912661-DD1D-4C31-B84E-6DB8FDA0F02C}.Debug|Any CPU.ActiveCfg = Debug|Any CPU
		{CD912661-DD1D-4C31-B84E-6DB8FDA0F02C}.Debug|Any CPU.Build.0 = Debug|Any CPU
		{CD912661-DD1D-4C31-B84E-6DB8FDA0F02C}.Release|Any CPU.ActiveCfg = Release|Any CPU
		{CD912661-DD1D-4C31-B84E-6DB8FDA0F02C}.Release|Any CPU.Build.0 = Release|Any CPU
		{23B11102-B0E8-42D5-92B0-C15709CE416B}.Debug|Any CPU.ActiveCfg = Debug|Any CPU
		{23B11102-B0E8-42D5-92B0-C15709CE416B}.Debug|Any CPU.Build.0 = Debug|Any CPU
		{23B11102-B0E8-42D5-92B0-C15709CE416B}.Release|Any CPU.ActiveCfg = Release|Any CPU
		{23B11102-B0E8-42D5-92B0-C15709CE416B}.Release|Any CPU.Build.0 = Release|Any CPU
		{5255EEFC-7333-44C9-B735-EFDEA74C7F99}.Debug|Any CPU.ActiveCfg = Debug|Any CPU
		{5255EEFC-7333-44C9-B735-EFDEA74C7F99}.Debug|Any CPU.Build.0 = Debug|Any CPU
		{5255EEFC-7333-44C9-B735-EFDEA74C7F99}.Release|Any CPU.ActiveCfg = Release|Any CPU
		{5255EEFC-7333-44C9-B735-EFDEA74C7F99}.Release|Any CPU.Build.0 = Release|Any CPU
		{154FB045-89C9-4F9B-BA64-DEE3A9E16B25}.Debug|Any CPU.ActiveCfg = Debug|Any CPU
		{154FB045-89C9-4F9B-BA64-DEE3A9E16B25}.Debug|Any CPU.Build.0 = Debug|Any CPU
		{154FB045-89C9-4F9B-BA64-DEE3A9E16B25}.Release|Any CPU.ActiveCfg = Release|Any CPU
		{154FB045-89C9-4F9B-BA64-DEE3A9E16B25}.Release|Any CPU.Build.0 = Release|Any CPU
		{FA921AFE-3C00-437E-9393-BFD62E7DBEA9}.Debug|Any CPU.ActiveCfg = Debug|Any CPU
		{FA921AFE-3C00-437E-9393-BFD62E7DBEA9}.Debug|Any CPU.Build.0 = Debug|Any CPU
		{FA921AFE-3C00-437E-9393-BFD62E7DBEA9}.Release|Any CPU.ActiveCfg = Release|Any CPU
		{FA921AFE-3C00-437E-9393-BFD62E7DBEA9}.Release|Any CPU.Build.0 = Release|Any CPU
		{2983D119-F526-410A-A695-AC12228F367F}.Debug|Any CPU.ActiveCfg = Debug|Any CPU
		{2983D119-F526-410A-A695-AC12228F367F}.Debug|Any CPU.Build.0 = Debug|Any CPU
		{2983D119-F526-410A-A695-AC12228F367F}.Release|Any CPU.ActiveCfg = Release|Any CPU
		{2983D119-F526-410A-A695-AC12228F367F}.Release|Any CPU.Build.0 = Release|Any CPU
		{EB10ED33-EA27-449C-80A0-0DDF62F2E6DB}.Debug|Any CPU.ActiveCfg = Debug|Any CPU
		{EB10ED33-EA27-449C-80A0-0DDF62F2E6DB}.Debug|Any CPU.Build.0 = Debug|Any CPU
		{EB10ED33-EA27-449C-80A0-0DDF62F2E6DB}.Release|Any CPU.ActiveCfg = Release|Any CPU
		{EB10ED33-EA27-449C-80A0-0DDF62F2E6DB}.Release|Any CPU.Build.0 = Release|Any CPU
		{E8611705-7F70-41B2-B6FC-0B10BDF1A9DC}.Debug|Any CPU.ActiveCfg = Debug|Any CPU
		{E8611705-7F70-41B2-B6FC-0B10BDF1A9DC}.Debug|Any CPU.Build.0 = Debug|Any CPU
		{E8611705-7F70-41B2-B6FC-0B10BDF1A9DC}.Release|Any CPU.ActiveCfg = Release|Any CPU
		{E8611705-7F70-41B2-B6FC-0B10BDF1A9DC}.Release|Any CPU.Build.0 = Release|Any CPU
	EndGlobalSection
	GlobalSection(SolutionProperties) = preSolution
		HideSolutionNode = FALSE
	EndGlobalSection
	GlobalSection(ExtensibilityGlobals) = postSolution
		SolutionGuid = {01DE99EB-5477-4CD2-AD51-63EAB83798DD}
	EndGlobalSection
EndGlobal
