
Microsoft Visual Studio Solution File, Format Version 12.00
# Visual Studio Version 17
<<<<<<< HEAD
VisualStudioVersion = 17.3.32819.101
=======
VisualStudioVersion = 17.3.32901.215
>>>>>>> pz_18
MinimumVisualStudioVersion = 10.0.40219.1
Project("{9A19103F-16F7-4668-BE54-9A1E7A4F7556}") = "pz_3", "pz_3\pz_3.csproj", "{D4994419-1295-4389-9CB4-12A0957530DC}"
EndProject
Project("{9A19103F-16F7-4668-BE54-9A1E7A4F7556}") = "pz_4", "pz_4\pz_4.csproj", "{3F9F01D8-C92C-44A2-BFF3-C9CC4C4F4F42}"
EndProject
Project("{9A19103F-16F7-4668-BE54-9A1E7A4F7556}") = "pz_5", "pz_5\pz_5.csproj", "{7F16292B-F565-449C-BEDA-E2E24A8E65CC}"
EndProject
Project("{9A19103F-16F7-4668-BE54-9A1E7A4F7556}") = "pz_6", "pz_6\pz_6.csproj", "{01F194C6-2833-434E-83FD-C3892AA4FD94}"
EndProject
Project("{9A19103F-16F7-4668-BE54-9A1E7A4F7556}") = "pz_8", "pz_8\pz_8.csproj", "{04F92132-D259-4F74-8D3B-ACC941B9A31F}"
EndProject
Project("{9A19103F-16F7-4668-BE54-9A1E7A4F7556}") = "pz_9", "pz_9\pz_9.csproj", "{12CC1243-4ECD-4C96-B6C2-20A85BD0991C}"
EndProject
<<<<<<< HEAD
Project("{FAE04EC0-301F-11D3-BF4B-00C04F79EFBC}") = "pz_13", "pz_13\pz_13.csproj", "{E9EFCD15-9219-4B49-ADE6-74EED0C6683A}"
=======
Project("{FAE04EC0-301F-11D3-BF4B-00C04F79EFBC}") = "pz_18", "pz_18\pz_18.csproj", "{F5C40399-4F21-427A-AAED-29525318AB54}"
>>>>>>> pz_18
EndProject
Global
	GlobalSection(SolutionConfigurationPlatforms) = preSolution
		Debug|Any CPU = Debug|Any CPU
		Release|Any CPU = Release|Any CPU
	EndGlobalSection
	GlobalSection(ProjectConfigurationPlatforms) = postSolution
		{D4994419-1295-4389-9CB4-12A0957530DC}.Debug|Any CPU.ActiveCfg = Debug|Any CPU
		{D4994419-1295-4389-9CB4-12A0957530DC}.Debug|Any CPU.Build.0 = Debug|Any CPU
		{D4994419-1295-4389-9CB4-12A0957530DC}.Release|Any CPU.ActiveCfg = Release|Any CPU
		{D4994419-1295-4389-9CB4-12A0957530DC}.Release|Any CPU.Build.0 = Release|Any CPU
		{3F9F01D8-C92C-44A2-BFF3-C9CC4C4F4F42}.Debug|Any CPU.ActiveCfg = Debug|Any CPU
		{3F9F01D8-C92C-44A2-BFF3-C9CC4C4F4F42}.Debug|Any CPU.Build.0 = Debug|Any CPU
		{3F9F01D8-C92C-44A2-BFF3-C9CC4C4F4F42}.Release|Any CPU.ActiveCfg = Release|Any CPU
		{3F9F01D8-C92C-44A2-BFF3-C9CC4C4F4F42}.Release|Any CPU.Build.0 = Release|Any CPU
		{7F16292B-F565-449C-BEDA-E2E24A8E65CC}.Debug|Any CPU.ActiveCfg = Debug|Any CPU
		{7F16292B-F565-449C-BEDA-E2E24A8E65CC}.Debug|Any CPU.Build.0 = Debug|Any CPU
		{7F16292B-F565-449C-BEDA-E2E24A8E65CC}.Release|Any CPU.ActiveCfg = Release|Any CPU
		{7F16292B-F565-449C-BEDA-E2E24A8E65CC}.Release|Any CPU.Build.0 = Release|Any CPU
		{01F194C6-2833-434E-83FD-C3892AA4FD94}.Debug|Any CPU.ActiveCfg = Debug|Any CPU
		{01F194C6-2833-434E-83FD-C3892AA4FD94}.Debug|Any CPU.Build.0 = Debug|Any CPU
		{01F194C6-2833-434E-83FD-C3892AA4FD94}.Release|Any CPU.ActiveCfg = Release|Any CPU
		{01F194C6-2833-434E-83FD-C3892AA4FD94}.Release|Any CPU.Build.0 = Release|Any CPU
		{04F92132-D259-4F74-8D3B-ACC941B9A31F}.Debug|Any CPU.ActiveCfg = Debug|Any CPU
		{04F92132-D259-4F74-8D3B-ACC941B9A31F}.Debug|Any CPU.Build.0 = Debug|Any CPU
		{04F92132-D259-4F74-8D3B-ACC941B9A31F}.Release|Any CPU.ActiveCfg = Release|Any CPU
		{04F92132-D259-4F74-8D3B-ACC941B9A31F}.Release|Any CPU.Build.0 = Release|Any CPU
		{12CC1243-4ECD-4C96-B6C2-20A85BD0991C}.Debug|Any CPU.ActiveCfg = Debug|Any CPU
		{12CC1243-4ECD-4C96-B6C2-20A85BD0991C}.Debug|Any CPU.Build.0 = Debug|Any CPU
		{12CC1243-4ECD-4C96-B6C2-20A85BD0991C}.Release|Any CPU.ActiveCfg = Release|Any CPU
		{12CC1243-4ECD-4C96-B6C2-20A85BD0991C}.Release|Any CPU.Build.0 = Release|Any CPU
<<<<<<< HEAD
		{E9EFCD15-9219-4B49-ADE6-74EED0C6683A}.Debug|Any CPU.ActiveCfg = Debug|Any CPU
		{E9EFCD15-9219-4B49-ADE6-74EED0C6683A}.Debug|Any CPU.Build.0 = Debug|Any CPU
		{E9EFCD15-9219-4B49-ADE6-74EED0C6683A}.Release|Any CPU.ActiveCfg = Release|Any CPU
		{E9EFCD15-9219-4B49-ADE6-74EED0C6683A}.Release|Any CPU.Build.0 = Release|Any CPU
=======
		{F5C40399-4F21-427A-AAED-29525318AB54}.Debug|Any CPU.ActiveCfg = Debug|Any CPU
		{F5C40399-4F21-427A-AAED-29525318AB54}.Debug|Any CPU.Build.0 = Debug|Any CPU
		{F5C40399-4F21-427A-AAED-29525318AB54}.Release|Any CPU.ActiveCfg = Release|Any CPU
		{F5C40399-4F21-427A-AAED-29525318AB54}.Release|Any CPU.Build.0 = Release|Any CPU
>>>>>>> pz_18
	EndGlobalSection
	GlobalSection(SolutionProperties) = preSolution
		HideSolutionNode = FALSE
	EndGlobalSection
	GlobalSection(ExtensibilityGlobals) = postSolution
		SolutionGuid = {01DE99EB-5477-4CD2-AD51-63EAB83798DD}
	EndGlobalSection
EndGlobal
